Microsoft Visual Studio Solution File, Format Version 12.00
# Visual Studio Version 17
VisualStudioVersion = 17.5.2.0
MinimumVisualStudioVersion = 10.0.40219.1
Project("{FAE04EC0-301F-11D3-BF4B-00C04F79EFBC}") = "lab15", "lab15.csproj", "{C693C884-0B32-86B4-CEC3-1525F75FA4DE}"
EndProject
Global
	GlobalSection(SolutionConfigurationPlatforms) = preSolution
		Debug|Any CPU = Debug|Any CPU
		Release|Any CPU = Release|Any CPU
	EndGlobalSection
	GlobalSection(ProjectConfigurationPlatforms) = postSolution
		{C693C884-0B32-86B4-CEC3-1525F75FA4DE}.Debug|Any CPU.ActiveCfg = Debug|Any CPU
		{C693C884-0B32-86B4-CEC3-1525F75FA4DE}.Debug|Any CPU.Build.0 = Debug|Any CPU
		{C693C884-0B32-86B4-CEC3-1525F75FA4DE}.Release|Any CPU.ActiveCfg = Release|Any CPU
		{C693C884-0B32-86B4-CEC3-1525F75FA4DE}.Release|Any CPU.Build.0 = Release|Any CPU
	EndGlobalSection
	GlobalSection(SolutionProperties) = preSolution
		HideSolutionNode = FALSE
	EndGlobalSection
	GlobalSection(ExtensibilityGlobals) = postSolution
		SolutionGuid = {624AFEBB-C91A-4F65-AD32-8881B3CFB364}
	EndGlobalSection
EndGlobal
