Microsoft Visual Studio Solution File, Format Version 12.00
# Visual Studio Version 17
VisualStudioVersion = 17.5.2.0
MinimumVisualStudioVersion = 10.0.40219.1
Project("{FAE04EC0-301F-11D3-BF4B-00C04F79EFBC}") = "lab14", "lab14.csproj", "{ECB62E72-0B9D-E360-A8FE-05D371E75B43}"
EndProject
Global
	GlobalSection(SolutionConfigurationPlatforms) = preSolution
		Debug|Any CPU = Debug|Any CPU
		Release|Any CPU = Release|Any CPU
	EndGlobalSection
	GlobalSection(ProjectConfigurationPlatforms) = postSolution
		{ECB62E72-0B9D-E360-A8FE-05D371E75B43}.Debug|Any CPU.ActiveCfg = Debug|Any CPU
		{ECB62E72-0B9D-E360-A8FE-05D371E75B43}.Debug|Any CPU.Build.0 = Debug|Any CPU
		{ECB62E72-0B9D-E360-A8FE-05D371E75B43}.Release|Any CPU.ActiveCfg = Release|Any CPU
		{ECB62E72-0B9D-E360-A8FE-05D371E75B43}.Release|Any CPU.Build.0 = Release|Any CPU
	EndGlobalSection
	GlobalSection(SolutionProperties) = preSolution
		HideSolutionNode = FALSE
	EndGlobalSection
	GlobalSection(ExtensibilityGlobals) = postSolution
		SolutionGuid = {F301B650-80B8-4C84-B784-35DA1A4A0389}
	EndGlobalSection
EndGlobal
